
Microsoft Visual Studio Solution File, Format Version 12.00
# Visual Studio Version 16
VisualStudioVersion = 16.0.31613.86
MinimumVisualStudioVersion = 10.0.40219.1
Project("{FAE04EC0-301F-11D3-BF4B-00C04F79EFBC}") = "senai_filmes_webAPI", "senai_filmes_webAPI\senai_filmes_webAPI.csproj", "{2E1F1575-78B9-4679-B676-2291D27CADF6}"
EndProject
Global
	GlobalSection(SolutionConfigurationPlatforms) = preSolution
		Debug|Any CPU = Debug|Any CPU
		Release|Any CPU = Release|Any CPU
	EndGlobalSection
	GlobalSection(ProjectConfigurationPlatforms) = postSolution
		{2E1F1575-78B9-4679-B676-2291D27CADF6}.Debug|Any CPU.ActiveCfg = Debug|Any CPU
		{2E1F1575-78B9-4679-B676-2291D27CADF6}.Debug|Any CPU.Build.0 = Debug|Any CPU
		{2E1F1575-78B9-4679-B676-2291D27CADF6}.Release|Any CPU.ActiveCfg = Release|Any CPU
		{2E1F1575-78B9-4679-B676-2291D27CADF6}.Release|Any CPU.Build.0 = Release|Any CPU
	EndGlobalSection
	GlobalSection(SolutionProperties) = preSolution
		HideSolutionNode = FALSE
	EndGlobalSection
	GlobalSection(ExtensibilityGlobals) = postSolution
		SolutionGuid = {6DEC2C18-74CA-47CF-A2DC-E7BFCCEF913B}
	EndGlobalSection
EndGlobal
